
Microsoft Visual Studio Solution File, Format Version 12.00
# Visual Studio 15
VisualStudioVersion = 15.0.28307.168
MinimumVisualStudioVersion = 10.0.40219.1
Project("{FAE04EC0-301F-11D3-BF4B-00C04F79EFBC}") = "ExercLinq", "ExercLinq\ExercLinq.csproj", "{CBF9FA41-A6AE-4EE4-A48A-6EF09BAD902F}"
EndProject
Global
	GlobalSection(SolutionConfigurationPlatforms) = preSolution
		Debug|Any CPU = Debug|Any CPU
		Release|Any CPU = Release|Any CPU
	EndGlobalSection
	GlobalSection(ProjectConfigurationPlatforms) = postSolution
		{CBF9FA41-A6AE-4EE4-A48A-6EF09BAD902F}.Debug|Any CPU.ActiveCfg = Debug|Any CPU
		{CBF9FA41-A6AE-4EE4-A48A-6EF09BAD902F}.Debug|Any CPU.Build.0 = Debug|Any CPU
		{CBF9FA41-A6AE-4EE4-A48A-6EF09BAD902F}.Release|Any CPU.ActiveCfg = Release|Any CPU
		{CBF9FA41-A6AE-4EE4-A48A-6EF09BAD902F}.Release|Any CPU.Build.0 = Release|Any CPU
	EndGlobalSection
	GlobalSection(SolutionProperties) = preSolution
		HideSolutionNode = FALSE
	EndGlobalSection
	GlobalSection(ExtensibilityGlobals) = postSolution
		SolutionGuid = {6238796D-87A9-43E9-9D14-425C17DAA70A}
	EndGlobalSection
EndGlobal
